{
  "name": "hexo-site",
  "version": "0.0.0",
  "lockfileVersion": 1,
  "requires": true,
  "dependencies": {
    "babel-runtime": {
      "version": "6.26.0",
      "resolved": "https://registry.npm.taobao.org/babel-runtime/download/babel-runtime-6.26.0.tgz",
      "integrity": "sha1-llxwWGaOgrVde/4E/yM3vItWR/4=",
      "requires": {
        "core-js": "^2.4.0",
        "regenerator-runtime": "^0.11.0"
      }
    },
    "core-js": {
      "version": "2.6.11",
      "resolved": "https://registry.npm.taobao.org/core-js/download/core-js-2.6.11.tgz?cache=0&sync_timestamp=1578957006406&other_urls=https%3A%2F%2Fregistry.npm.taobao.org%2Fcore-js%2Fdownload%2Fcore-js-2.6.11.tgz",
      "integrity": "sha1-OIMUafmSK97Y7iHJ3EaYXgOZMIw="
    },
    "hexo-next-share": {
      "version": "github:theme-next/hexo-next-share#b7f52bc0462fa0ce9cf8c9cd0691f800ac87912c",
      "from": "github:theme-next/hexo-next-share",
      "requires": {
        "next-util": "^1.0.0"
      }
    },
    "hexo-next-title": {
      "version": "github:theme-next/hexo-next-title#34aff1125fe990f87cb80e148f2c9dfa43f3eb84",
      "from": "github:theme-next/hexo-next-title",
      "requires": {
        "next-util": "^1.0.0"
      }
    },
    "next-util": {
      "version": "1.0.0",
      "resolved": "https://registry.npm.taobao.org/next-util/download/next-util-1.0.0.tgz",
      "integrity": "sha1-MFTyet3/85A8/p12Ie4Ubj9UiqM="
    },
    "regenerator-runtime": {
      "version": "0.11.1",
      "resolved": "https://registry.npm.taobao.org/regenerator-runtime/download/regenerator-runtime-0.11.1.tgz",
      "integrity": "sha1-vgWtf5v30i4Fb5cmzuUBf78Z4uk="
    }
  }
}
